
Microsoft Visual Studio Solution File, Format Version 12.00
Project("{FAE04EC0-301F-11D3-BF4B-00C04F79EFBC}") = "ShapesOOP", "ShapesOOP\ShapesOOP.csproj", "{DC3E7633-A9AC-4EDB-8A7A-DEC56D1560B6}"
EndProject
Global
	GlobalSection(SolutionConfigurationPlatforms) = preSolution
		Debug|Any CPU = Debug|Any CPU
		Release|Any CPU = Release|Any CPU
	EndGlobalSection
	GlobalSection(ProjectConfigurationPlatforms) = postSolution
		{DC3E7633-A9AC-4EDB-8A7A-DEC56D1560B6}.Debug|Any CPU.ActiveCfg = Debug|Any CPU
		{DC3E7633-A9AC-4EDB-8A7A-DEC56D1560B6}.Debug|Any CPU.Build.0 = Debug|Any CPU
		{DC3E7633-A9AC-4EDB-8A7A-DEC56D1560B6}.Release|Any CPU.ActiveCfg = Release|Any CPU
		{DC3E7633-A9AC-4EDB-8A7A-DEC56D1560B6}.Release|Any CPU.Build.0 = Release|Any CPU
	EndGlobalSection
EndGlobal
